
Microsoft Visual Studio Solution File, Format Version 12.00
# Visual Studio Version 16
VisualStudioVersion = 16.0.32510.428
MinimumVisualStudioVersion = 10.0.40219.1
Project("{FAE04EC0-301F-11D3-BF4B-00C04F79EFBC}") = "Collections With ListT", "Collections With ListT\Collections With ListT.csproj", "{F6FC5E70-336B-43EB-9A17-D02B365EF423}"
EndProject
Global
	GlobalSection(SolutionConfigurationPlatforms) = preSolution
		Debug|Any CPU = Debug|Any CPU
		Release|Any CPU = Release|Any CPU
	EndGlobalSection
	GlobalSection(ProjectConfigurationPlatforms) = postSolution
		{F6FC5E70-336B-43EB-9A17-D02B365EF423}.Debug|Any CPU.ActiveCfg = Debug|Any CPU
		{F6FC5E70-336B-43EB-9A17-D02B365EF423}.Debug|Any CPU.Build.0 = Debug|Any CPU
		{F6FC5E70-336B-43EB-9A17-D02B365EF423}.Release|Any CPU.ActiveCfg = Release|Any CPU
		{F6FC5E70-336B-43EB-9A17-D02B365EF423}.Release|Any CPU.Build.0 = Release|Any CPU
	EndGlobalSection
	GlobalSection(SolutionProperties) = preSolution
		HideSolutionNode = FALSE
	EndGlobalSection
	GlobalSection(ExtensibilityGlobals) = postSolution
		SolutionGuid = {6E200A5B-722F-456C-9F2C-36E7E0F379E1}
	EndGlobalSection
EndGlobal
